
Microsoft Visual Studio Solution File, Format Version 12.00
# Visual Studio Version 17
VisualStudioVersion = 17.8.34601.278
MinimumVisualStudioVersion = 10.0.40219.1
Project("{FAE04EC0-301F-11D3-BF4B-00C04F79EFBC}") = "Blazor.Todo", "Blazor.Todo\Blazor.Todo.csproj", "{E548F0BB-535F-4B97-91F6-99CFDE77280A}"
EndProject
Global
	GlobalSection(SolutionConfigurationPlatforms) = preSolution
		Debug|Any CPU = Debug|Any CPU
		Release|Any CPU = Release|Any CPU
	EndGlobalSection
	GlobalSection(ProjectConfigurationPlatforms) = postSolution
		{E548F0BB-535F-4B97-91F6-99CFDE77280A}.Debug|Any CPU.ActiveCfg = Debug|Any CPU
		{E548F0BB-535F-4B97-91F6-99CFDE77280A}.Debug|Any CPU.Build.0 = Debug|Any CPU
		{E548F0BB-535F-4B97-91F6-99CFDE77280A}.Release|Any CPU.ActiveCfg = Release|Any CPU
		{E548F0BB-535F-4B97-91F6-99CFDE77280A}.Release|Any CPU.Build.0 = Release|Any CPU
	EndGlobalSection
	GlobalSection(SolutionProperties) = preSolution
		HideSolutionNode = FALSE
	EndGlobalSection
	GlobalSection(ExtensibilityGlobals) = postSolution
		SolutionGuid = {9A1035ED-CDBC-4369-9285-756B8ED22E2C}
	EndGlobalSection
EndGlobal
